
Microsoft Visual Studio Solution File, Format Version 12.00
# Visual Studio Version 17
VisualStudioVersion = 17.8.34330.188
MinimumVisualStudioVersion = 10.0.40219.1
Project("{9A19103F-16F7-4668-BE54-9A1E7A4F7556}") = "00. Algorithm", "00. Algorithm\00. Algorithm.csproj", "{ACEDB64E-95F5-46BD-920D-5DFBD804F06E}"
EndProject
Project("{9A19103F-16F7-4668-BE54-9A1E7A4F7556}") = "01. List", "01. List\01. List.csproj", "{94F0A5AD-E08B-4E98-BD00-D73B6540CF0A}"
EndProject
Project("{9A19103F-16F7-4668-BE54-9A1E7A4F7556}") = "03. Stack", "03. Stack\03. Stack.csproj", "{6EE0AFCE-8214-47D0-B0DB-F2D3C4B80585}"
EndProject
Project("{9A19103F-16F7-4668-BE54-9A1E7A4F7556}") = "04. Queue", "04. Queue\04. Queue.csproj", "{96D09690-D38D-4FFF-BF35-ECA9CCE0CF67}"
EndProject
Project("{9A19103F-16F7-4668-BE54-9A1E7A4F7556}") = "05. BinarySearchTree", "05. BinarySearchTree\05. BinarySearchTree.csproj", "{EDBB5AAF-C671-4CB8-ADDB-FB71D0E66095}"
EndProject
Project("{9A19103F-16F7-4668-BE54-9A1E7A4F7556}") = "06. Heap", "06. Heap\06. Heap.csproj", "{B3D30F19-C643-443F-B69B-D6B173CCF6A5}"
EndProject
Project("{9A19103F-16F7-4668-BE54-9A1E7A4F7556}") = "07. Hashtable", "07. Hashtable\07. Hashtable.csproj", "{DFB51391-9172-4A9F-9FE1-3B1EC2C7895A}"
EndProject
Project("{9A19103F-16F7-4668-BE54-9A1E7A4F7556}") = "08. DesignTechnique", "08. DesignTechnique\08. DesignTechnique.csproj", "{E2103804-C445-4B1F-B7B1-B7B08044DB01}"
EndProject
Project("{9A19103F-16F7-4668-BE54-9A1E7A4F7556}") = "09. Sort", "09. Sort\09. Sort.csproj", "{6BA3956D-18E6-4AAA-8F33-F1A910584B65}"
EndProject
Project("{FAE04EC0-301F-11D3-BF4B-00C04F79EFBC}") = "10. Search", "10. Search\10. Search.csproj", "{9A88F8D2-BDA6-4382-BD4D-3E4829497E0C}"
EndProject
Global
	GlobalSection(SolutionConfigurationPlatforms) = preSolution
		Debug|Any CPU = Debug|Any CPU
		Release|Any CPU = Release|Any CPU
	EndGlobalSection
	GlobalSection(ProjectConfigurationPlatforms) = postSolution
		{ACEDB64E-95F5-46BD-920D-5DFBD804F06E}.Debug|Any CPU.ActiveCfg = Debug|Any CPU
		{ACEDB64E-95F5-46BD-920D-5DFBD804F06E}.Debug|Any CPU.Build.0 = Debug|Any CPU
		{ACEDB64E-95F5-46BD-920D-5DFBD804F06E}.Release|Any CPU.ActiveCfg = Release|Any CPU
		{ACEDB64E-95F5-46BD-920D-5DFBD804F06E}.Release|Any CPU.Build.0 = Release|Any CPU
		{94F0A5AD-E08B-4E98-BD00-D73B6540CF0A}.Debug|Any CPU.ActiveCfg = Debug|Any CPU
		{94F0A5AD-E08B-4E98-BD00-D73B6540CF0A}.Debug|Any CPU.Build.0 = Debug|Any CPU
		{94F0A5AD-E08B-4E98-BD00-D73B6540CF0A}.Release|Any CPU.ActiveCfg = Release|Any CPU
		{94F0A5AD-E08B-4E98-BD00-D73B6540CF0A}.Release|Any CPU.Build.0 = Release|Any CPU
		{6EE0AFCE-8214-47D0-B0DB-F2D3C4B80585}.Debug|Any CPU.ActiveCfg = Debug|Any CPU
		{6EE0AFCE-8214-47D0-B0DB-F2D3C4B80585}.Debug|Any CPU.Build.0 = Debug|Any CPU
		{6EE0AFCE-8214-47D0-B0DB-F2D3C4B80585}.Release|Any CPU.ActiveCfg = Release|Any CPU
		{6EE0AFCE-8214-47D0-B0DB-F2D3C4B80585}.Release|Any CPU.Build.0 = Release|Any CPU
		{96D09690-D38D-4FFF-BF35-ECA9CCE0CF67}.Debug|Any CPU.ActiveCfg = Debug|Any CPU
		{96D09690-D38D-4FFF-BF35-ECA9CCE0CF67}.Debug|Any CPU.Build.0 = Debug|Any CPU
		{96D09690-D38D-4FFF-BF35-ECA9CCE0CF67}.Release|Any CPU.ActiveCfg = Release|Any CPU
		{96D09690-D38D-4FFF-BF35-ECA9CCE0CF67}.Release|Any CPU.Build.0 = Release|Any CPU
		{EDBB5AAF-C671-4CB8-ADDB-FB71D0E66095}.Debug|Any CPU.ActiveCfg = Debug|Any CPU
		{EDBB5AAF-C671-4CB8-ADDB-FB71D0E66095}.Debug|Any CPU.Build.0 = Debug|Any CPU
		{EDBB5AAF-C671-4CB8-ADDB-FB71D0E66095}.Release|Any CPU.ActiveCfg = Release|Any CPU
		{EDBB5AAF-C671-4CB8-ADDB-FB71D0E66095}.Release|Any CPU.Build.0 = Release|Any CPU
		{B3D30F19-C643-443F-B69B-D6B173CCF6A5}.Debug|Any CPU.ActiveCfg = Debug|Any CPU
		{B3D30F19-C643-443F-B69B-D6B173CCF6A5}.Debug|Any CPU.Build.0 = Debug|Any CPU
		{B3D30F19-C643-443F-B69B-D6B173CCF6A5}.Release|Any CPU.ActiveCfg = Release|Any CPU
		{B3D30F19-C643-443F-B69B-D6B173CCF6A5}.Release|Any CPU.Build.0 = Release|Any CPU
		{DFB51391-9172-4A9F-9FE1-3B1EC2C7895A}.Debug|Any CPU.ActiveCfg = Debug|Any CPU
		{DFB51391-9172-4A9F-9FE1-3B1EC2C7895A}.Debug|Any CPU.Build.0 = Debug|Any CPU
		{DFB51391-9172-4A9F-9FE1-3B1EC2C7895A}.Release|Any CPU.ActiveCfg = Release|Any CPU
		{DFB51391-9172-4A9F-9FE1-3B1EC2C7895A}.Release|Any CPU.Build.0 = Release|Any CPU
		{E2103804-C445-4B1F-B7B1-B7B08044DB01}.Debug|Any CPU.ActiveCfg = Debug|Any CPU
		{E2103804-C445-4B1F-B7B1-B7B08044DB01}.Debug|Any CPU.Build.0 = Debug|Any CPU
		{E2103804-C445-4B1F-B7B1-B7B08044DB01}.Release|Any CPU.ActiveCfg = Release|Any CPU
		{E2103804-C445-4B1F-B7B1-B7B08044DB01}.Release|Any CPU.Build.0 = Release|Any CPU
		{6BA3956D-18E6-4AAA-8F33-F1A910584B65}.Debug|Any CPU.ActiveCfg = Debug|Any CPU
		{6BA3956D-18E6-4AAA-8F33-F1A910584B65}.Debug|Any CPU.Build.0 = Debug|Any CPU
		{6BA3956D-18E6-4AAA-8F33-F1A910584B65}.Release|Any CPU.ActiveCfg = Release|Any CPU
		{6BA3956D-18E6-4AAA-8F33-F1A910584B65}.Release|Any CPU.Build.0 = Release|Any CPU
		{9A88F8D2-BDA6-4382-BD4D-3E4829497E0C}.Debug|Any CPU.ActiveCfg = Debug|Any CPU
		{9A88F8D2-BDA6-4382-BD4D-3E4829497E0C}.Debug|Any CPU.Build.0 = Debug|Any CPU
		{9A88F8D2-BDA6-4382-BD4D-3E4829497E0C}.Release|Any CPU.ActiveCfg = Release|Any CPU
		{9A88F8D2-BDA6-4382-BD4D-3E4829497E0C}.Release|Any CPU.Build.0 = Release|Any CPU
	EndGlobalSection
	GlobalSection(SolutionProperties) = preSolution
		HideSolutionNode = FALSE
	EndGlobalSection
	GlobalSection(ExtensibilityGlobals) = postSolution
		SolutionGuid = {1C6674E0-162E-4EFB-ACA5-5E7AE9CA2168}
	EndGlobalSection
EndGlobal
